// !$*UTF8*$!
{
	archiveVersion = 1;
	classes = {
	};
	objectVersion = 56;
	objects = {

/* Begin PBXBuildFile section */
		E31B4D2D2AE922460072938A /* NewTaskViewControllerTests.swift in Sources */ = {isa = PBXBuildFile; fileRef = E31B4D2C2AE922460072938A /* NewTaskViewControllerTests.swift */; };
		E31B4D2F2AE922B30072938A /* NewTaskViewController.swift in Sources */ = {isa = PBXBuildFile; fileRef = E31B4D2E2AE922B30072938A /* NewTaskViewController.swift */; };
		E327F6212AE7DB7B00BBEEC5 /* DetailViewControllerTests.swift in Sources */ = {isa = PBXBuildFile; fileRef = E327F6202AE7DB7B00BBEEC5 /* DetailViewControllerTests.swift */; };
		E327F6232AE7DC1300BBEEC5 /* DetailViewController.swift in Sources */ = {isa = PBXBuildFile; fileRef = E327F6222AE7DC1300BBEEC5 /* DetailViewController.swift */; };
		E34881CE2AE42094008628BC /* DataProviderTests.swift in Sources */ = {isa = PBXBuildFile; fileRef = E34881CD2AE42094008628BC /* DataProviderTests.swift */; };
		E34881D12AE42752008628BC /* TaskCell.swift in Sources */ = {isa = PBXBuildFile; fileRef = E34881D02AE42752008628BC /* TaskCell.swift */; };
		E35718902AE5766B00E17715 /* TaskCellTests.swift in Sources */ = {isa = PBXBuildFile; fileRef = E357188F2AE5766B00E17715 /* TaskCellTests.swift */; };
		E39C80A52AEA817700DE96E2 /* APIClientTests.swift in Sources */ = {isa = PBXBuildFile; fileRef = E39C80A42AEA817700DE96E2 /* APIClientTests.swift */; };
		E39C80A72AEA82D400DE96E2 /* APIClient.swift in Sources */ = {isa = PBXBuildFile; fileRef = E39C80A62AEA82D400DE96E2 /* APIClient.swift */; };
		E3B317BF2ADEFFBB00E2F484 /* AppDelegate.swift in Sources */ = {isa = PBXBuildFile; fileRef = E3B317BE2ADEFFBB00E2F484 /* AppDelegate.swift */; };
		E3B317C12ADEFFBB00E2F484 /* SceneDelegate.swift in Sources */ = {isa = PBXBuildFile; fileRef = E3B317C02ADEFFBB00E2F484 /* SceneDelegate.swift */; };
		E3B317C32ADEFFBB00E2F484 /* TaskListViewController.swift in Sources */ = {isa = PBXBuildFile; fileRef = E3B317C22ADEFFBB00E2F484 /* TaskListViewController.swift */; };
		E3B317C62ADEFFBB00E2F484 /* Main.storyboard in Resources */ = {isa = PBXBuildFile; fileRef = E3B317C42ADEFFBB00E2F484 /* Main.storyboard */; };
		E3B317C82ADEFFBD00E2F484 /* Assets.xcassets in Resources */ = {isa = PBXBuildFile; fileRef = E3B317C72ADEFFBD00E2F484 /* Assets.xcassets */; };
		E3B317CB2ADEFFBD00E2F484 /* LaunchScreen.storyboard in Resources */ = {isa = PBXBuildFile; fileRef = E3B317C92ADEFFBD00E2F484 /* LaunchScreen.storyboard */; };
		E3B317D62ADEFFBD00E2F484 /* ToDoTests.swift in Sources */ = {isa = PBXBuildFile; fileRef = E3B317D52ADEFFBD00E2F484 /* ToDoTests.swift */; };
		E3B317E02ADEFFBD00E2F484 /* ToDoUITests.swift in Sources */ = {isa = PBXBuildFile; fileRef = E3B317DF2ADEFFBD00E2F484 /* ToDoUITests.swift */; };
		E3B317E22ADEFFBD00E2F484 /* ToDoUITestsLaunchTests.swift in Sources */ = {isa = PBXBuildFile; fileRef = E3B317E12ADEFFBD00E2F484 /* ToDoUITestsLaunchTests.swift */; };
		E3B317F32ADF00DD00E2F484 /* TaskTests.swift in Sources */ = {isa = PBXBuildFile; fileRef = E3B317F22ADF00DD00E2F484 /* TaskTests.swift */; };
		E3B317F72ADF018600E2F484 /* Task.swift in Sources */ = {isa = PBXBuildFile; fileRef = E3B317F62ADF018600E2F484 /* Task.swift */; };
		E3B317F92ADF04E000E2F484 /* Location.swift in Sources */ = {isa = PBXBuildFile; fileRef = E3B317F82ADF04E000E2F484 /* Location.swift */; };
		E3B317FB2ADF065100E2F484 /* LocationTests.swift in Sources */ = {isa = PBXBuildFile; fileRef = E3B317FA2ADF065100E2F484 /* LocationTests.swift */; };
		E3CA34242AE13C9A00DFF4EE /* TaskManagerTests.swift in Sources */ = {isa = PBXBuildFile; fileRef = E3CA34232AE13C9A00DFF4EE /* TaskManagerTests.swift */; };
		E3CA34272AE13D0700DFF4EE /* TaskManager.swift in Sources */ = {isa = PBXBuildFile; fileRef = E3CA34262AE13D0700DFF4EE /* TaskManager.swift */; };
		E3CA342A2AE16B5F00DFF4EE /* TaskListViewControllerTests.swift in Sources */ = {isa = PBXBuildFile; fileRef = E3CA34292AE16B5F00DFF4EE /* TaskListViewControllerTests.swift */; };
		E3CA342C2AE171BA00DFF4EE /* DataProvider.swift in Sources */ = {isa = PBXBuildFile; fileRef = E3CA342B2AE171BA00DFF4EE /* DataProvider.swift */; };
/* End PBXBuildFile section */

/* Begin PBXContainerItemProxy section */
		E3B317D22ADEFFBD00E2F484 /* PBXContainerItemProxy */ = {
			isa = PBXContainerItemProxy;
			containerPortal = E3B317B32ADEFFBB00E2F484 /* Project object */;
			proxyType = 1;
			remoteGlobalIDString = E3B317BA2ADEFFBB00E2F484;
			remoteInfo = ToDo;
		};
		E3B317DC2ADEFFBD00E2F484 /* PBXContainerItemProxy */ = {
			isa = PBXContainerItemProxy;
			containerPortal = E3B317B32ADEFFBB00E2F484 /* Project object */;
			proxyType = 1;
			remoteGlobalIDString = E3B317BA2ADEFFBB00E2F484;
			remoteInfo = ToDo;
		};
/* End PBXContainerItemProxy section */

/* Begin PBXFileReference section */
		E31B4D2C2AE922460072938A /* NewTaskViewControllerTests.swift */ = {isa = PBXFileReference; lastKnownFileType = sourcecode.swift; path = NewTaskViewControllerTests.swift; sourceTree = "<group>"; };
		E31B4D2E2AE922B30072938A /* NewTaskViewController.swift */ = {isa = PBXFileReference; lastKnownFileType = sourcecode.swift; path = NewTaskViewController.swift; sourceTree = "<group>"; };
		E327F6202AE7DB7B00BBEEC5 /* DetailViewControllerTests.swift */ = {isa = PBXFileReference; lastKnownFileType = sourcecode.swift; path = DetailViewControllerTests.swift; sourceTree = "<group>"; };
		E327F6222AE7DC1300BBEEC5 /* DetailViewController.swift */ = {isa = PBXFileReference; lastKnownFileType = sourcecode.swift; path = DetailViewController.swift; sourceTree = "<group>"; };
		E34881CD2AE42094008628BC /* DataProviderTests.swift */ = {isa = PBXFileReference; lastKnownFileType = sourcecode.swift; path = DataProviderTests.swift; sourceTree = "<group>"; };
		E34881D02AE42752008628BC /* TaskCell.swift */ = {isa = PBXFileReference; lastKnownFileType = sourcecode.swift; path = TaskCell.swift; sourceTree = "<group>"; };
		E357188F2AE5766B00E17715 /* TaskCellTests.swift */ = {isa = PBXFileReference; lastKnownFileType = sourcecode.swift; path = TaskCellTests.swift; sourceTree = "<group>"; };
		E39C80A42AEA817700DE96E2 /* APIClientTests.swift */ = {isa = PBXFileReference; lastKnownFileType = sourcecode.swift; path = APIClientTests.swift; sourceTree = "<group>"; };
		E39C80A62AEA82D400DE96E2 /* APIClient.swift */ = {isa = PBXFileReference; lastKnownFileType = sourcecode.swift; path = APIClient.swift; sourceTree = "<group>"; };
		E3B317BB2ADEFFBB00E2F484 /* ToDo.app */ = {isa = PBXFileReference; explicitFileType = wrapper.application; includeInIndex = 0; path = ToDo.app; sourceTree = BUILT_PRODUCTS_DIR; };
		E3B317BE2ADEFFBB00E2F484 /* AppDelegate.swift */ = {isa = PBXFileReference; lastKnownFileType = sourcecode.swift; path = AppDelegate.swift; sourceTree = "<group>"; };
		E3B317C02ADEFFBB00E2F484 /* SceneDelegate.swift */ = {isa = PBXFileReference; lastKnownFileType = sourcecode.swift; path = SceneDelegate.swift; sourceTree = "<group>"; };
		E3B317C22ADEFFBB00E2F484 /* TaskListViewController.swift */ = {isa = PBXFileReference; lastKnownFileType = sourcecode.swift; path = TaskListViewController.swift; sourceTree = "<group>"; };
		E3B317C52ADEFFBB00E2F484 /* Base */ = {isa = PBXFileReference; lastKnownFileType = file.storyboard; name = Base; path = Base.lproj/Main.storyboard; sourceTree = "<group>"; };
		E3B317C72ADEFFBD00E2F484 /* Assets.xcassets */ = {isa = PBXFileReference; lastKnownFileType = folder.assetcatalog; path = Assets.xcassets; sourceTree = "<group>"; };
		E3B317CA2ADEFFBD00E2F484 /* Base */ = {isa = PBXFileReference; lastKnownFileType = file.storyboard; name = Base; path = Base.lproj/LaunchScreen.storyboard; sourceTree = "<group>"; };
		E3B317CC2ADEFFBD00E2F484 /* Info.plist */ = {isa = PBXFileReference; lastKnownFileType = text.plist.xml; path = Info.plist; sourceTree = "<group>"; };
		E3B317D12ADEFFBD00E2F484 /* ToDoTests.xctest */ = {isa = PBXFileReference; explicitFileType = wrapper.cfbundle; includeInIndex = 0; path = ToDoTests.xctest; sourceTree = BUILT_PRODUCTS_DIR; };
		E3B317D52ADEFFBD00E2F484 /* ToDoTests.swift */ = {isa = PBXFileReference; lastKnownFileType = sourcecode.swift; path = ToDoTests.swift; sourceTree = "<group>"; };
		E3B317DB2ADEFFBD00E2F484 /* ToDoUITests.xctest */ = {isa = PBXFileReference; explicitFileType = wrapper.cfbundle; includeInIndex = 0; path = ToDoUITests.xctest; sourceTree = BUILT_PRODUCTS_DIR; };
		E3B317DF2ADEFFBD00E2F484 /* ToDoUITests.swift */ = {isa = PBXFileReference; lastKnownFileType = sourcecode.swift; path = ToDoUITests.swift; sourceTree = "<group>"; };
		E3B317E12ADEFFBD00E2F484 /* ToDoUITestsLaunchTests.swift */ = {isa = PBXFileReference; lastKnownFileType = sourcecode.swift; path = ToDoUITestsLaunchTests.swift; sourceTree = "<group>"; };
		E3B317F22ADF00DD00E2F484 /* TaskTests.swift */ = {isa = PBXFileReference; lastKnownFileType = sourcecode.swift; path = TaskTests.swift; sourceTree = "<group>"; };
		E3B317F62ADF018600E2F484 /* Task.swift */ = {isa = PBXFileReference; lastKnownFileType = sourcecode.swift; path = Task.swift; sourceTree = "<group>"; };
		E3B317F82ADF04E000E2F484 /* Location.swift */ = {isa = PBXFileReference; lastKnownFileType = sourcecode.swift; path = Location.swift; sourceTree = "<group>"; };
		E3B317FA2ADF065100E2F484 /* LocationTests.swift */ = {isa = PBXFileReference; lastKnownFileType = sourcecode.swift; path = LocationTests.swift; sourceTree = "<group>"; };
		E3CA34232AE13C9A00DFF4EE /* TaskManagerTests.swift */ = {isa = PBXFileReference; lastKnownFileType = sourcecode.swift; path = TaskManagerTests.swift; sourceTree = "<group>"; };
		E3CA34262AE13D0700DFF4EE /* TaskManager.swift */ = {isa = PBXFileReference; lastKnownFileType = sourcecode.swift; path = TaskManager.swift; sourceTree = "<group>"; };
		E3CA34292AE16B5F00DFF4EE /* TaskListViewControllerTests.swift */ = {isa = PBXFileReference; lastKnownFileType = sourcecode.swift; path = TaskListViewControllerTests.swift; sourceTree = "<group>"; };
		E3CA342B2AE171BA00DFF4EE /* DataProvider.swift */ = {isa = PBXFileReference; lastKnownFileType = sourcecode.swift; path = DataProvider.swift; sourceTree = "<group>"; };
/* End PBXFileReference section */

/* Begin PBXFrameworksBuildPhase section */
		E3B317B82ADEFFBB00E2F484 /* Frameworks */ = {
			isa = PBXFrameworksBuildPhase;
			buildActionMask = 2147483647;
			files = (
			);
			runOnlyForDeploymentPostprocessing = 0;
		};
		E3B317CE2ADEFFBD00E2F484 /* Frameworks */ = {
			isa = PBXFrameworksBuildPhase;
			buildActionMask = 2147483647;
			files = (
			);
			runOnlyForDeploymentPostprocessing = 0;
		};
		E3B317D82ADEFFBD00E2F484 /* Frameworks */ = {
			isa = PBXFrameworksBuildPhase;
			buildActionMask = 2147483647;
			files = (
			);
			runOnlyForDeploymentPostprocessing = 0;
		};
/* End PBXFrameworksBuildPhase section */

/* Begin PBXGroup section */
		E34881CF2AE42734008628BC /* View */ = {
			isa = PBXGroup;
			children = (
				E34881D02AE42752008628BC /* TaskCell.swift */,
			);
			path = View;
			sourceTree = "<group>";
		};
		E357188E2AE5765100E17715 /* View */ = {
			isa = PBXGroup;
			children = (
				E357188F2AE5766B00E17715 /* TaskCellTests.swift */,
			);
			path = View;
			sourceTree = "<group>";
		};
		E39C80A82AED6EEE00DE96E2 /* App */ = {
			isa = PBXGroup;
			children = (
				E3B317D52ADEFFBD00E2F484 /* ToDoTests.swift */,
			);
			path = App;
			sourceTree = "<group>";
		};
		E3B317B22ADEFFBB00E2F484 = {
			isa = PBXGroup;
			children = (
				E3B317BD2ADEFFBB00E2F484 /* ToDo */,
				E3B317D42ADEFFBD00E2F484 /* ToDoTests */,
				E3B317DE2ADEFFBD00E2F484 /* ToDoUITests */,
				E3B317BC2ADEFFBB00E2F484 /* Products */,
			);
			sourceTree = "<group>";
		};
		E3B317BC2ADEFFBB00E2F484 /* Products */ = {
			isa = PBXGroup;
			children = (
				E3B317BB2ADEFFBB00E2F484 /* ToDo.app */,
				E3B317D12ADEFFBD00E2F484 /* ToDoTests.xctest */,
				E3B317DB2ADEFFBD00E2F484 /* ToDoUITests.xctest */,
			);
			name = Products;
			sourceTree = "<group>";
		};
		E3B317BD2ADEFFBB00E2F484 /* ToDo */ = {
			isa = PBXGroup;
			children = (
				E34881CF2AE42734008628BC /* View */,
				E3CA34252AE13CF900DFF4EE /* Services */,
				E3B317F52ADF017C00E2F484 /* Model */,
				E3B317EF2ADEFFF700E2F484 /* ViewControllers */,
				E3B317EE2ADEFFEC00E2F484 /* Storyboards */,
				E3B317F02ADF000300E2F484 /* App */,
				E3B317F12ADF000A00E2F484 /* Resources */,
			);
			path = ToDo;
			sourceTree = "<group>";
		};
		E3B317D42ADEFFBD00E2F484 /* ToDoTests */ = {
			isa = PBXGroup;
			children = (
				E357188E2AE5765100E17715 /* View */,
				E3CA34282AE16B3C00DFF4EE /* ViewControllers */,
				E3CA34222AE13C8000DFF4EE /* Services */,
				E39C80A82AED6EEE00DE96E2 /* App */,
				E3B317F42ADF00F200E2F484 /* Model */,
			);
			path = ToDoTests;
			sourceTree = "<group>";
		};
		E3B317DE2ADEFFBD00E2F484 /* ToDoUITests */ = {
			isa = PBXGroup;
			children = (
				E3B317DF2ADEFFBD00E2F484 /* ToDoUITests.swift */,
				E3B317E12ADEFFBD00E2F484 /* ToDoUITestsLaunchTests.swift */,
			);
			path = ToDoUITests;
			sourceTree = "<group>";
		};
		E3B317EE2ADEFFEC00E2F484 /* Storyboards */ = {
			isa = PBXGroup;
			children = (
				E3B317C42ADEFFBB00E2F484 /* Main.storyboard */,
				E3B317C92ADEFFBD00E2F484 /* LaunchScreen.storyboard */,
			);
			path = Storyboards;
			sourceTree = "<group>";
		};
		E3B317EF2ADEFFF700E2F484 /* ViewControllers */ = {
			isa = PBXGroup;
			children = (
				E3CA342B2AE171BA00DFF4EE /* DataProvider.swift */,
				E3B317C22ADEFFBB00E2F484 /* TaskListViewController.swift */,
				E327F6222AE7DC1300BBEEC5 /* DetailViewController.swift */,
				E31B4D2E2AE922B30072938A /* NewTaskViewController.swift */,
			);
			path = ViewControllers;
			sourceTree = "<group>";
		};
		E3B317F02ADF000300E2F484 /* App */ = {
			isa = PBXGroup;
			children = (
				E3B317BE2ADEFFBB00E2F484 /* AppDelegate.swift */,
				E3B317C02ADEFFBB00E2F484 /* SceneDelegate.swift */,
				E3B317CC2ADEFFBD00E2F484 /* Info.plist */,
			);
			path = App;
			sourceTree = "<group>";
		};
		E3B317F12ADF000A00E2F484 /* Resources */ = {
			isa = PBXGroup;
			children = (
				E3B317C72ADEFFBD00E2F484 /* Assets.xcassets */,
			);
			path = Resources;
			sourceTree = "<group>";
		};
		E3B317F42ADF00F200E2F484 /* Model */ = {
			isa = PBXGroup;
			children = (
				E3B317F22ADF00DD00E2F484 /* TaskTests.swift */,
				E3B317FA2ADF065100E2F484 /* LocationTests.swift */,
			);
			path = Model;
			sourceTree = "<group>";
		};
		E3B317F52ADF017C00E2F484 /* Model */ = {
			isa = PBXGroup;
			children = (
				E3B317F62ADF018600E2F484 /* Task.swift */,
				E3B317F82ADF04E000E2F484 /* Location.swift */,
			);
			path = Model;
			sourceTree = "<group>";
		};
		E3CA34222AE13C8000DFF4EE /* Services */ = {
			isa = PBXGroup;
			children = (
				E3CA34232AE13C9A00DFF4EE /* TaskManagerTests.swift */,
				E39C80A42AEA817700DE96E2 /* APIClientTests.swift */,
			);
			path = Services;
			sourceTree = "<group>";
		};
		E3CA34252AE13CF900DFF4EE /* Services */ = {
			isa = PBXGroup;
			children = (
				E3CA34262AE13D0700DFF4EE /* TaskManager.swift */,
				E39C80A62AEA82D400DE96E2 /* APIClient.swift */,
			);
			path = Services;
			sourceTree = "<group>";
		};
		E3CA34282AE16B3C00DFF4EE /* ViewControllers */ = {
			isa = PBXGroup;
			children = (
				E3CA34292AE16B5F00DFF4EE /* TaskListViewControllerTests.swift */,
				E34881CD2AE42094008628BC /* DataProviderTests.swift */,
				E327F6202AE7DB7B00BBEEC5 /* DetailViewControllerTests.swift */,
				E31B4D2C2AE922460072938A /* NewTaskViewControllerTests.swift */,
			);
			path = ViewControllers;
			sourceTree = "<group>";
		};
/* End PBXGroup section */

/* Begin PBXNativeTarget section */
		E3B317BA2ADEFFBB00E2F484 /* ToDo */ = {
			isa = PBXNativeTarget;
			buildConfigurationList = E3B317E52ADEFFBD00E2F484 /* Build configuration list for PBXNativeTarget "ToDo" */;
			buildPhases = (
				E3B317B72ADEFFBB00E2F484 /* Sources */,
				E3B317B82ADEFFBB00E2F484 /* Frameworks */,
				E3B317B92ADEFFBB00E2F484 /* Resources */,
			);
			buildRules = (
			);
			dependencies = (
			);
			name = ToDo;
			productName = ToDo;
			productReference = E3B317BB2ADEFFBB00E2F484 /* ToDo.app */;
			productType = "com.apple.product-type.application";
		};
		E3B317D02ADEFFBD00E2F484 /* ToDoTests */ = {
			isa = PBXNativeTarget;
			buildConfigurationList = E3B317E82ADEFFBD00E2F484 /* Build configuration list for PBXNativeTarget "ToDoTests" */;
			buildPhases = (
				E3B317CD2ADEFFBD00E2F484 /* Sources */,
				E3B317CE2ADEFFBD00E2F484 /* Frameworks */,
				E3B317CF2ADEFFBD00E2F484 /* Resources */,
			);
			buildRules = (
			);
			dependencies = (
				E3B317D32ADEFFBD00E2F484 /* PBXTargetDependency */,
			);
			name = ToDoTests;
			productName = ToDoTests;
			productReference = E3B317D12ADEFFBD00E2F484 /* ToDoTests.xctest */;
			productType = "com.apple.product-type.bundle.unit-test";
		};
		E3B317DA2ADEFFBD00E2F484 /* ToDoUITests */ = {
			isa = PBXNativeTarget;
			buildConfigurationList = E3B317EB2ADEFFBD00E2F484 /* Build configuration list for PBXNativeTarget "ToDoUITests" */;
			buildPhases = (
				E3B317D72ADEFFBD00E2F484 /* Sources */,
				E3B317D82ADEFFBD00E2F484 /* Frameworks */,
				E3B317D92ADEFFBD00E2F484 /* Resources */,
			);
			buildRules = (
			);
			dependencies = (
				E3B317DD2ADEFFBD00E2F484 /* PBXTargetDependency */,
			);
			name = ToDoUITests;
			productName = ToDoUITests;
			productReference = E3B317DB2ADEFFBD00E2F484 /* ToDoUITests.xctest */;
			productType = "com.apple.product-type.bundle.ui-testing";
		};
/* End PBXNativeTarget section */

/* Begin PBXProject section */
		E3B317B32ADEFFBB00E2F484 /* Project object */ = {
			isa = PBXProject;
			attributes = {
				BuildIndependentTargetsInParallel = 1;
				LastSwiftUpdateCheck = 1500;
				LastUpgradeCheck = 1500;
				TargetAttributes = {
					E3B317BA2ADEFFBB00E2F484 = {
						CreatedOnToolsVersion = 15.0;
					};
					E3B317D02ADEFFBD00E2F484 = {
						CreatedOnToolsVersion = 15.0;
						TestTargetID = E3B317BA2ADEFFBB00E2F484;
					};
					E3B317DA2ADEFFBD00E2F484 = {
						CreatedOnToolsVersion = 15.0;
						TestTargetID = E3B317BA2ADEFFBB00E2F484;
					};
				};
			};
			buildConfigurationList = E3B317B62ADEFFBB00E2F484 /* Build configuration list for PBXProject "ToDo" */;
			compatibilityVersion = "Xcode 14.0";
			developmentRegion = en;
			hasScannedForEncodings = 0;
			knownRegions = (
				en,
				Base,
			);
			mainGroup = E3B317B22ADEFFBB00E2F484;
			productRefGroup = E3B317BC2ADEFFBB00E2F484 /* Products */;
			projectDirPath = "";
			projectRoot = "";
			targets = (
				E3B317BA2ADEFFBB00E2F484 /* ToDo */,
				E3B317D02ADEFFBD00E2F484 /* ToDoTests */,
				E3B317DA2ADEFFBD00E2F484 /* ToDoUITests */,
			);
		};
/* End PBXProject section */

/* Begin PBXResourcesBuildPhase section */
		E3B317B92ADEFFBB00E2F484 /* Resources */ = {
			isa = PBXResourcesBuildPhase;
			buildActionMask = 2147483647;
			files = (
				E3B317CB2ADEFFBD00E2F484 /* LaunchScreen.storyboard in Resources */,
				E3B317C82ADEFFBD00E2F484 /* Assets.xcassets in Resources */,
				E3B317C62ADEFFBB00E2F484 /* Main.storyboard in Resources */,
			);
			runOnlyForDeploymentPostprocessing = 0;
		};
		E3B317CF2ADEFFBD00E2F484 /* Resources */ = {
			isa = PBXResourcesBuildPhase;
			buildActionMask = 2147483647;
			files = (
			);
			runOnlyForDeploymentPostprocessing = 0;
		};
		E3B317D92ADEFFBD00E2F484 /* Resources */ = {
			isa = PBXResourcesBuildPhase;
			buildActionMask = 2147483647;
			files = (
			);
			runOnlyForDeploymentPostprocessing = 0;
		};
/* End PBXResourcesBuildPhase section */

/* Begin PBXSourcesBuildPhase section */
		E3B317B72ADEFFBB00E2F484 /* Sources */ = {
			isa = PBXSourcesBuildPhase;
			buildActionMask = 2147483647;
			files = (
				E327F6232AE7DC1300BBEEC5 /* DetailViewController.swift in Sources */,
				E3CA34272AE13D0700DFF4EE /* TaskManager.swift in Sources */,
				E3B317F72ADF018600E2F484 /* Task.swift in Sources */,
				E3B317C32ADEFFBB00E2F484 /* TaskListViewController.swift in Sources */,
				E3CA342C2AE171BA00DFF4EE /* DataProvider.swift in Sources */,
				E39C80A72AEA82D400DE96E2 /* APIClient.swift in Sources */,
				E34881D12AE42752008628BC /* TaskCell.swift in Sources */,
				E31B4D2F2AE922B30072938A /* NewTaskViewController.swift in Sources */,
				E3B317F92ADF04E000E2F484 /* Location.swift in Sources */,
				E3B317BF2ADEFFBB00E2F484 /* AppDelegate.swift in Sources */,
				E3B317C12ADEFFBB00E2F484 /* SceneDelegate.swift in Sources */,
			);
			runOnlyForDeploymentPostprocessing = 0;
		};
		E3B317CD2ADEFFBD00E2F484 /* Sources */ = {
			isa = PBXSourcesBuildPhase;
			buildActionMask = 2147483647;
			files = (
				E3B317F32ADF00DD00E2F484 /* TaskTests.swift in Sources */,
				E3B317FB2ADF065100E2F484 /* LocationTests.swift in Sources */,
				E35718902AE5766B00E17715 /* TaskCellTests.swift in Sources */,
				E39C80A52AEA817700DE96E2 /* APIClientTests.swift in Sources */,
				E31B4D2D2AE922460072938A /* NewTaskViewControllerTests.swift in Sources */,
				E34881CE2AE42094008628BC /* DataProviderTests.swift in Sources */,
				E3CA34242AE13C9A00DFF4EE /* TaskManagerTests.swift in Sources */,
				E3CA342A2AE16B5F00DFF4EE /* TaskListViewControllerTests.swift in Sources */,
				E3B317D62ADEFFBD00E2F484 /* ToDoTests.swift in Sources */,
				E327F6212AE7DB7B00BBEEC5 /* DetailViewControllerTests.swift in Sources */,
			);
			runOnlyForDeploymentPostprocessing = 0;
		};
		E3B317D72ADEFFBD00E2F484 /* Sources */ = {
			isa = PBXSourcesBuildPhase;
			buildActionMask = 2147483647;
			files = (
				E3B317E22ADEFFBD00E2F484 /* ToDoUITestsLaunchTests.swift in Sources */,
				E3B317E02ADEFFBD00E2F484 /* ToDoUITests.swift in Sources */,
			);
			runOnlyForDeploymentPostprocessing = 0;
		};
/* End PBXSourcesBuildPhase section */

/* Begin PBXTargetDependency section */
		E3B317D32ADEFFBD00E2F484 /* PBXTargetDependency */ = {
			isa = PBXTargetDependency;
			target = E3B317BA2ADEFFBB00E2F484 /* ToDo */;
			targetProxy = E3B317D22ADEFFBD00E2F484 /* PBXContainerItemProxy */;
		};
		E3B317DD2ADEFFBD00E2F484 /* PBXTargetDependency */ = {
			isa = PBXTargetDependency;
			target = E3B317BA2ADEFFBB00E2F484 /* ToDo */;
			targetProxy = E3B317DC2ADEFFBD00E2F484 /* PBXContainerItemProxy */;
		};
/* End PBXTargetDependency section */

/* Begin PBXVariantGroup section */
		E3B317C42ADEFFBB00E2F484 /* Main.storyboard */ = {
			isa = PBXVariantGroup;
			children = (
				E3B317C52ADEFFBB00E2F484 /* Base */,
			);
			name = Main.storyboard;
			sourceTree = "<group>";
		};
		E3B317C92ADEFFBD00E2F484 /* LaunchScreen.storyboard */ = {
			isa = PBXVariantGroup;
			children = (
				E3B317CA2ADEFFBD00E2F484 /* Base */,
			);
			name = LaunchScreen.storyboard;
			sourceTree = "<group>";
		};
/* End PBXVariantGroup section */

/* Begin XCBuildConfiguration section */
		E3B317E32ADEFFBD00E2F484 /* Debug */ = {
			isa = XCBuildConfiguration;
			buildSettings = {
				ALWAYS_SEARCH_USER_PATHS = NO;
				ASSETCATALOG_COMPILER_GENERATE_SWIFT_ASSET_SYMBOL_EXTENSIONS = YES;
				CLANG_ANALYZER_NONNULL = YES;
				CLANG_ANALYZER_NUMBER_OBJECT_CONVERSION = YES_AGGRESSIVE;
				CLANG_CXX_LANGUAGE_STANDARD = "gnu++20";
				CLANG_ENABLE_MODULES = YES;
				CLANG_ENABLE_OBJC_ARC = YES;
				CLANG_ENABLE_OBJC_WEAK = YES;
				CLANG_WARN_BLOCK_CAPTURE_AUTORELEASING = YES;
				CLANG_WARN_BOOL_CONVERSION = YES;
				CLANG_WARN_COMMA = YES;
				CLANG_WARN_CONSTANT_CONVERSION = YES;
				CLANG_WARN_DEPRECATED_OBJC_IMPLEMENTATIONS = YES;
				CLANG_WARN_DIRECT_OBJC_ISA_USAGE = YES_ERROR;
				CLANG_WARN_DOCUMENTATION_COMMENTS = YES;
				CLANG_WARN_EMPTY_BODY = YES;
				CLANG_WARN_ENUM_CONVERSION = YES;
				CLANG_WARN_INFINITE_RECURSION = YES;
				CLANG_WARN_INT_CONVERSION = YES;
				CLANG_WARN_NON_LITERAL_NULL_CONVERSION = YES;
				CLANG_WARN_OBJC_IMPLICIT_RETAIN_SELF = YES;
				CLANG_WARN_OBJC_LITERAL_CONVERSION = YES;
				CLANG_WARN_OBJC_ROOT_CLASS = YES_ERROR;
				CLANG_WARN_QUOTED_INCLUDE_IN_FRAMEWORK_HEADER = YES;
				CLANG_WARN_RANGE_LOOP_ANALYSIS = YES;
				CLANG_WARN_STRICT_PROTOTYPES = YES;
				CLANG_WARN_SUSPICIOUS_MOVE = YES;
				CLANG_WARN_UNGUARDED_AVAILABILITY = YES_AGGRESSIVE;
				CLANG_WARN_UNREACHABLE_CODE = YES;
				CLANG_WARN__DUPLICATE_METHOD_MATCH = YES;
				COPY_PHASE_STRIP = NO;
				DEBUG_INFORMATION_FORMAT = dwarf;
				ENABLE_STRICT_OBJC_MSGSEND = YES;
				ENABLE_TESTABILITY = YES;
				ENABLE_USER_SCRIPT_SANDBOXING = YES;
				GCC_C_LANGUAGE_STANDARD = gnu17;
				GCC_DYNAMIC_NO_PIC = NO;
				GCC_NO_COMMON_BLOCKS = YES;
				GCC_OPTIMIZATION_LEVEL = 0;
				GCC_PREPROCESSOR_DEFINITIONS = (
					"DEBUG=1",
					"$(inherited)",
				);
				GCC_WARN_64_TO_32_BIT_CONVERSION = YES;
				GCC_WARN_ABOUT_RETURN_TYPE = YES_ERROR;
				GCC_WARN_UNDECLARED_SELECTOR = YES;
				GCC_WARN_UNINITIALIZED_AUTOS = YES_AGGRESSIVE;
				GCC_WARN_UNUSED_FUNCTION = YES;
				GCC_WARN_UNUSED_VARIABLE = YES;
				IPHONEOS_DEPLOYMENT_TARGET = 17.0;
				LOCALIZATION_PREFERS_STRING_CATALOGS = YES;
				MTL_ENABLE_DEBUG_INFO = INCLUDE_SOURCE;
				MTL_FAST_MATH = YES;
				ONLY_ACTIVE_ARCH = YES;
				SDKROOT = iphoneos;
				SWIFT_ACTIVE_COMPILATION_CONDITIONS = "DEBUG $(inherited)";
				SWIFT_OPTIMIZATION_LEVEL = "-Onone";
			};
			name = Debug;
		};
		E3B317E42ADEFFBD00E2F484 /* Release */ = {
			isa = XCBuildConfiguration;
			buildSettings = {
				ALWAYS_SEARCH_USER_PATHS = NO;
				ASSETCATALOG_COMPILER_GENERATE_SWIFT_ASSET_SYMBOL_EXTENSIONS = YES;
				CLANG_ANALYZER_NONNULL = YES;
				CLANG_ANALYZER_NUMBER_OBJECT_CONVERSION = YES_AGGRESSIVE;
				CLANG_CXX_LANGUAGE_STANDARD = "gnu++20";
				CLANG_ENABLE_MODULES = YES;
				CLANG_ENABLE_OBJC_ARC = YES;
				CLANG_ENABLE_OBJC_WEAK = YES;
				CLANG_WARN_BLOCK_CAPTURE_AUTORELEASING = YES;
				CLANG_WARN_BOOL_CONVERSION = YES;
				CLANG_WARN_COMMA = YES;
				CLANG_WARN_CONSTANT_CONVERSION = YES;
				CLANG_WARN_DEPRECATED_OBJC_IMPLEMENTATIONS = YES;
				CLANG_WARN_DIRECT_OBJC_ISA_USAGE = YES_ERROR;
				CLANG_WARN_DOCUMENTATION_COMMENTS = YES;
				CLANG_WARN_EMPTY_BODY = YES;
				CLANG_WARN_ENUM_CONVERSION = YES;
				CLANG_WARN_INFINITE_RECURSION = YES;
				CLANG_WARN_INT_CONVERSION = YES;
				CLANG_WARN_NON_LITERAL_NULL_CONVERSION = YES;
				CLANG_WARN_OBJC_IMPLICIT_RETAIN_SELF = YES;
				CLANG_WARN_OBJC_LITERAL_CONVERSION = YES;
				CLANG_WARN_OBJC_ROOT_CLASS = YES_ERROR;
				CLANG_WARN_QUOTED_INCLUDE_IN_FRAMEWORK_HEADER = YES;
				CLANG_WARN_RANGE_LOOP_ANALYSIS = YES;
				CLANG_WARN_STRICT_PROTOTYPES = YES;
				CLANG_WARN_SUSPICIOUS_MOVE = YES;
				CLANG_WARN_UNGUARDED_AVAILABILITY = YES_AGGRESSIVE;
				CLANG_WARN_UNREACHABLE_CODE = YES;
				CLANG_WARN__DUPLICATE_METHOD_MATCH = YES;
				COPY_PHASE_STRIP = NO;
				DEBUG_INFORMATION_FORMAT = "dwarf-with-dsym";
				ENABLE_NS_ASSERTIONS = NO;
				ENABLE_STRICT_OBJC_MSGSEND = YES;
				ENABLE_USER_SCRIPT_SANDBOXING = YES;
				GCC_C_LANGUAGE_STANDARD = gnu17;
				GCC_NO_COMMON_BLOCKS = YES;
				GCC_WARN_64_TO_32_BIT_CONVERSION = YES;
				GCC_WARN_ABOUT_RETURN_TYPE = YES_ERROR;
				GCC_WARN_UNDECLARED_SELECTOR = YES;
				GCC_WARN_UNINITIALIZED_AUTOS = YES_AGGRESSIVE;
				GCC_WARN_UNUSED_FUNCTION = YES;
				GCC_WARN_UNUSED_VARIABLE = YES;
				IPHONEOS_DEPLOYMENT_TARGET = 17.0;
				LOCALIZATION_PREFERS_STRING_CATALOGS = YES;
				MTL_ENABLE_DEBUG_INFO = NO;
				MTL_FAST_MATH = YES;
				SDKROOT = iphoneos;
				SWIFT_COMPILATION_MODE = wholemodule;
				VALIDATE_PRODUCT = YES;
			};
			name = Release;
		};
		E3B317E62ADEFFBD00E2F484 /* Debug */ = {
			isa = XCBuildConfiguration;
			buildSettings = {
				ASSETCATALOG_COMPILER_APPICON_NAME = AppIcon;
				ASSETCATALOG_COMPILER_GLOBAL_ACCENT_COLOR_NAME = AccentColor;
				CODE_SIGN_STYLE = Automatic;
				CURRENT_PROJECT_VERSION = 1;
				GENERATE_INFOPLIST_FILE = YES;
				INFOPLIST_FILE = ToDo/App/Info.plist;
				INFOPLIST_KEY_UIApplicationSupportsIndirectInputEvents = YES;
				INFOPLIST_KEY_UILaunchStoryboardName = LaunchScreen;
				INFOPLIST_KEY_UIMainStoryboardFile = Main;
				INFOPLIST_KEY_UISupportedInterfaceOrientations = UIInterfaceOrientationPortrait;
				INFOPLIST_KEY_UISupportedInterfaceOrientations_iPad = "UIInterfaceOrientationLandscapeLeft UIInterfaceOrientationLandscapeRight UIInterfaceOrientationPortrait UIInterfaceOrientationPortraitUpsideDown";
				LD_RUNPATH_SEARCH_PATHS = (
					"$(inherited)",
					"@executable_path/Frameworks",
				);
				MARKETING_VERSION = 1.0;
				PRODUCT_BUNDLE_IDENTIFIER = me.osipov.dobrynia.ToDo;
				PRODUCT_NAME = "$(TARGET_NAME)";
				SUPPORTED_PLATFORMS = "iphoneos iphonesimulator";
				SUPPORTS_MACCATALYST = NO;
				SUPPORTS_MAC_DESIGNED_FOR_IPHONE_IPAD = NO;
				SWIFT_EMIT_LOC_STRINGS = YES;
				SWIFT_VERSION = 5.0;
				TARGETED_DEVICE_FAMILY = 1;
			};
			name = Debug;
		};
		E3B317E72ADEFFBD00E2F484 /* Release */ = {
			isa = XCBuildConfiguration;
			buildSettings = {
				ASSETCATALOG_COMPILER_APPICON_NAME = AppIcon;
				ASSETCATALOG_COMPILER_GLOBAL_ACCENT_COLOR_NAME = AccentColor;
				CODE_SIGN_STYLE = Automatic;
				CURRENT_PROJECT_VERSION = 1;
				GENERATE_INFOPLIST_FILE = YES;
				INFOPLIST_FILE = ToDo/App/Info.plist;
				INFOPLIST_KEY_UIApplicationSupportsIndirectInputEvents = YES;
				INFOPLIST_KEY_UILaunchStoryboardName = LaunchScreen;
				INFOPLIST_KEY_UIMainStoryboardFile = Main;
				INFOPLIST_KEY_UISupportedInterfaceOrientations = UIInterfaceOrientationPortrait;
				INFOPLIST_KEY_UISupportedInterfaceOrientations_iPad = "UIInterfaceOrientationLandscapeLeft UIInterfaceOrientationLandscapeRight UIInterfaceOrientationPortrait UIInterfaceOrientationPortraitUpsideDown";
				LD_RUNPATH_SEARCH_PATHS = (
					"$(inherited)",
					"@executable_path/Frameworks",
				);
				MARKETING_VERSION = 1.0;
				PRODUCT_BUNDLE_IDENTIFIER = me.osipov.dobrynia.ToDo;
				PRODUCT_NAME = "$(TARGET_NAME)";
				SUPPORTED_PLATFORMS = "iphoneos iphonesimulator";
				SUPPORTS_MACCATALYST = NO;
				SUPPORTS_MAC_DESIGNED_FOR_IPHONE_IPAD = NO;
				SWIFT_EMIT_LOC_STRINGS = YES;
				SWIFT_VERSION = 5.0;
				TARGETED_DEVICE_FAMILY = 1;
			};
			name = Release;
		};
		E3B317E92ADEFFBD00E2F484 /* Debug */ = {
			isa = XCBuildConfiguration;
			buildSettings = {
				ALWAYS_EMBED_SWIFT_STANDARD_LIBRARIES = YES;
				BUNDLE_LOADER = "$(TEST_HOST)";
				CODE_SIGN_STYLE = Automatic;
				CURRENT_PROJECT_VERSION = 1;
				GENERATE_INFOPLIST_FILE = YES;
				IPHONEOS_DEPLOYMENT_TARGET = 17.0;
				MARKETING_VERSION = 1.0;
				PRODUCT_BUNDLE_IDENTIFIER = me.osipov.dobrynia.ToDoTests;
				PRODUCT_NAME = "$(TARGET_NAME)";
				SWIFT_EMIT_LOC_STRINGS = NO;
				SWIFT_VERSION = 5.0;
				TARGETED_DEVICE_FAMILY = "1,2";
				TEST_HOST = "$(BUILT_PRODUCTS_DIR)/ToDo.app/$(BUNDLE_EXECUTABLE_FOLDER_PATH)/ToDo";
			};
			name = Debug;
		};
		E3B317EA2ADEFFBD00E2F484 /* Release */ = {
			isa = XCBuildConfiguration;
			buildSettings = {
				ALWAYS_EMBED_SWIFT_STANDARD_LIBRARIES = YES;
				BUNDLE_LOADER = "$(TEST_HOST)";
				CODE_SIGN_STYLE = Automatic;
				CURRENT_PROJECT_VERSION = 1;
				GENERATE_INFOPLIST_FILE = YES;
				IPHONEOS_DEPLOYMENT_TARGET = 17.0;
				MARKETING_VERSION = 1.0;
				PRODUCT_BUNDLE_IDENTIFIER = me.osipov.dobrynia.ToDoTests;
				PRODUCT_NAME = "$(TARGET_NAME)";
				SWIFT_EMIT_LOC_STRINGS = NO;
				SWIFT_VERSION = 5.0;
				TARGETED_DEVICE_FAMILY = "1,2";
				TEST_HOST = "$(BUILT_PRODUCTS_DIR)/ToDo.app/$(BUNDLE_EXECUTABLE_FOLDER_PATH)/ToDo";
			};
			name = Release;
		};
		E3B317EC2ADEFFBD00E2F484 /* Debug */ = {
			isa = XCBuildConfiguration;
			buildSettings = {
				ALWAYS_EMBED_SWIFT_STANDARD_LIBRARIES = YES;
				CODE_SIGN_STYLE = Automatic;
				CURRENT_PROJECT_VERSION = 1;
				GENERATE_INFOPLIST_FILE = YES;
				MARKETING_VERSION = 1.0;
				PRODUCT_BUNDLE_IDENTIFIER = me.osipov.dobrynia.ToDoUITests;
				PRODUCT_NAME = "$(TARGET_NAME)";
				SWIFT_EMIT_LOC_STRINGS = NO;
				SWIFT_VERSION = 5.0;
				TARGETED_DEVICE_FAMILY = "1,2";
				TEST_TARGET_NAME = ToDo;
			};
			name = Debug;
		};
		E3B317ED2ADEFFBD00E2F484 /* Release */ = {
			isa = XCBuildConfiguration;
			buildSettings = {
				ALWAYS_EMBED_SWIFT_STANDARD_LIBRARIES = YES;
				CODE_SIGN_STYLE = Automatic;
				CURRENT_PROJECT_VERSION = 1;
				GENERATE_INFOPLIST_FILE = YES;
				MARKETING_VERSION = 1.0;
				PRODUCT_BUNDLE_IDENTIFIER = me.osipov.dobrynia.ToDoUITests;
				PRODUCT_NAME = "$(TARGET_NAME)";
				SWIFT_EMIT_LOC_STRINGS = NO;
				SWIFT_VERSION = 5.0;
				TARGETED_DEVICE_FAMILY = "1,2";
				TEST_TARGET_NAME = ToDo;
			};
			name = Release;
		};
/* End XCBuildConfiguration section */

/* Begin XCConfigurationList section */
		E3B317B62ADEFFBB00E2F484 /* Build configuration list for PBXProject "ToDo" */ = {
			isa = XCConfigurationList;
			buildConfigurations = (
				E3B317E32ADEFFBD00E2F484 /* Debug */,
				E3B317E42ADEFFBD00E2F484 /* Release */,
			);
			defaultConfigurationIsVisible = 0;
			defaultConfigurationName = Release;
		};
		E3B317E52ADEFFBD00E2F484 /* Build configuration list for PBXNativeTarget "ToDo" */ = {
			isa = XCConfigurationList;
			buildConfigurations = (
				E3B317E62ADEFFBD00E2F484 /* Debug */,
				E3B317E72ADEFFBD00E2F484 /* Release */,
			);
			defaultConfigurationIsVisible = 0;
			defaultConfigurationName = Release;
		};
		E3B317E82ADEFFBD00E2F484 /* Build configuration list for PBXNativeTarget "ToDoTests" */ = {
			isa = XCConfigurationList;
			buildConfigurations = (
				E3B317E92ADEFFBD00E2F484 /* Debug */,
				E3B317EA2ADEFFBD00E2F484 /* Release */,
			);
			defaultConfigurationIsVisible = 0;
			defaultConfigurationName = Release;
		};
		E3B317EB2ADEFFBD00E2F484 /* Build configuration list for PBXNativeTarget "ToDoUITests" */ = {
			isa = XCConfigurationList;
			buildConfigurations = (
				E3B317EC2ADEFFBD00E2F484 /* Debug */,
				E3B317ED2ADEFFBD00E2F484 /* Release */,
			);
			defaultConfigurationIsVisible = 0;
			defaultConfigurationName = Release;
		};
/* End XCConfigurationList section */
	};
	rootObject = E3B317B32ADEFFBB00E2F484 /* Project object */;
}
